<?xml version="1.0" encoding="utf-8"?>
<Project ToolsVersion="4.0" xmlns="http://schemas.microsoft.com/developer/msbuild/2003">
  <ItemGroup>
    <Filter Include="Source Files">
      <UniqueIdentifier>{4FC737F1-C7A5-4376-A066-2A32D752A2FF}</UniqueIdentifier>
      <Extensions>cpp;c;cc;cxx;def;odl;idl;hpj;bat;asm;asmx</Extensions>
    </Filter>
    <Filter Include="Header Files">
      <UniqueIdentifier>{93995380-89BD-4b04-88EB-625FBE52EBFB}</UniqueIdentifier>
      <Extensions>h;hh;hpp;hxx;hm;inl;inc;xsd</Extensions>
    </Filter>
    <Filter Include="Resource Files">
      <UniqueIdentifier>{67DA6AB6-F800-4c08-8B7A-83BB121AAD01}</UniqueIdentifier>
      <Extensions>rc;ico;cur;bmp;dlg;rc2;rct;bin;rgs;gif;jpg;jpeg;jpe;resx;tiff;tif;png;wav;mfcribbon-ms</Extensions>
    </Filter>
  </ItemGroup>
  <ItemGroup>
    <ClCompile Include="Source\Main.cpp">
      <Filter>Source Files</Filter>
    </ClCompile>
    <ClCompile Include="Source\Graphics\Window.cpp">
      <Filter>Source Files</Filter>
    </ClCompile>
    <ClCompile Include="Source\Math\Vector2.cpp">
      <Filter>Source Files</Filter>
    </ClCompile>
    <ClCompile Include="Source\Math\Vector3.cpp">
      <Filter>Source Files</Filter>
    </ClCompile>
    <ClCompile Include="Source\Math\Vector4.cpp">
      <Filter>Source Files</Filter>
    </ClCompile>
    <ClCompile Include="Source\Math\Matrix4.cpp">
      <Filter>Source Files</Filter>
    </ClCompile>
    <ClCompile Include="Source\Game.cpp">
      <Filter>Source Files</Filter>
    </ClCompile>
    <ClCompile Include="Source\Utils\FileUtils.cpp">
      <Filter>Source Files</Filter>
    </ClCompile>
    <ClCompile Include="Source\String.cpp">
      <Filter>Source Files</Filter>
    </ClCompile>
    <ClCompile Include="Source\Math\Quaternion.cpp">
      <Filter>Source Files</Filter>
    </ClCompile>
    <ClCompile Include="Source\Math\Math.cpp">
      <Filter>Source Files</Filter>
    </ClCompile>
    <ClCompile Include="Source\Singletons.cpp">
      <Filter>Source Files</Filter>
    </ClCompile>
    <ClCompile Include="Source\System\Machine.cpp">
      <Filter>Source Files</Filter>
    </ClCompile>
    <ClCompile Include="Source\Graphics\Rendering\Renderer.cpp">
      <Filter>Source Files</Filter>
    </ClCompile>
    <ClCompile Include="Source\Entities\Camera.cpp">
      <Filter>Source Files</Filter>
    </ClCompile>
    <ClCompile Include="Source\Entities\ColorRGBA.cpp">
      <Filter>Source Files</Filter>
    </ClCompile>
    <ClCompile Include="Source\Entities\Entity2D.cpp">
      <Filter>Source Files</Filter>
    </ClCompile>
    <ClCompile Include="Source\Entities\Layer2D.cpp">
      <Filter>Source Files</Filter>
    </ClCompile>
    <ClCompile Include="Source\Entities\Transform2D.cpp">
      <Filter>Source Files</Filter>
    </ClCompile>
    <ClCompile Include="Source\Graphics\Rendering\Renderer2D.cpp">
      <Filter>Source Files</Filter>
    </ClCompile>
    <ClCompile Include="Source\Graphics\Shaders\Shader.cpp">
      <Filter>Source Files</Filter>
    </ClCompile>
    <ClCompile Include="Source\Graphics\Shaders\ShaderFactory.cpp">
      <Filter>Source Files</Filter>
    </ClCompile>
    <ClCompile Include="Source\Graphics\Shaders\ShaderBasic2D.cpp">
      <Filter>Source Files</Filter>
    </ClCompile>
    <ClCompile Include="Source\Graphics\Shaders\ShaderBasic3D.cpp">
      <Filter>Source Files</Filter>
    </ClCompile>
    <ClCompile Include="Source\Entities\Group2D.cpp">
      <Filter>Source Files</Filter>
    </ClCompile>
    <ClCompile Include="Source\Entities\Camera2D.cpp">
      <Filter>Source Files</Filter>
    </ClCompile>
    <ClCompile Include="Source\Entities\Rect2D.cpp">
      <Filter>Source Files</Filter>
    </ClCompile>
    <ClCompile Include="Source\Graphics\Rendering\VertexBuffer.cpp">
      <Filter>Source Files</Filter>
    </ClCompile>
    <ClCompile Include="Source\Graphics\Rendering\IndexBuffer.cpp">
      <Filter>Source Files</Filter>
    </ClCompile>
    <ClCompile Include="Source\Utils\Random.cpp">
      <Filter>Source Files</Filter>
    </ClCompile>
  </ItemGroup>
  <ItemGroup>
    <ClInclude Include="Source\Graphics\Window.h">
      <Filter>Header Files</Filter>
    </ClInclude>
    <ClInclude Include="Source\Debug.h">
      <Filter>Header Files</Filter>
    </ClInclude>
    <ClInclude Include="Source\Math\Vectors.h">
      <Filter>Header Files</Filter>
    </ClInclude>
    <ClInclude Include="Source\Math\Math.h">
      <Filter>Header Files</Filter>
    </ClInclude>
    <ClInclude Include="Source\Math\Matrix4.h">
      <Filter>Header Files</Filter>
    </ClInclude>
    <ClInclude Include="Source\Math\Vector2.h">
      <Filter>Header Files</Filter>
    </ClInclude>
    <ClInclude Include="Source\Math\Vector3.h">
      <Filter>Header Files</Filter>
    </ClInclude>
    <ClInclude Include="Source\Math\Vector4.h">
      <Filter>Header Files</Filter>
    </ClInclude>
    <ClInclude Include="Source\Utils\FileUtils.h">
      <Filter>Header Files</Filter>
    </ClInclude>
    <ClInclude Include="Source\Game.h">
      <Filter>Header Files</Filter>
    </ClInclude>
    <ClInclude Include="Source\Utils\Time.h">
      <Filter>Header Files</Filter>
    </ClInclude>
    <ClInclude Include="Source\String.h">
      <Filter>Header Files</Filter>
    </ClInclude>
    <ClInclude Include="Source\Common.h">
      <Filter>Header Files</Filter>
    </ClInclude>
    <ClInclude Include="Source\CommonIncludes.h">
      <Filter>Header Files</Filter>
    </ClInclude>
    <ClInclude Include="Source\CommonTypes.h">
      <Filter>Header Files</Filter>
    </ClInclude>
    <ClInclude Include="Source\Math\Quaternion.h">
      <Filter>Header Files</Filter>
    </ClInclude>
    <ClInclude Include="Source\Singletons.h">
      <Filter>Header Files</Filter>
    </ClInclude>
    <ClInclude Include="Source\System\Machine.h">
      <Filter>Header Files</Filter>
    </ClInclude>
    <ClInclude Include="Source\Graphics\Rendering\Renderer.h">
      <Filter>Header Files</Filter>
    </ClInclude>
    <ClInclude Include="Source\Entities\Camera.h">
      <Filter>Header Files</Filter>
    </ClInclude>
    <ClInclude Include="Source\Entities\ColorRGBA.h">
      <Filter>Header Files</Filter>
    </ClInclude>
    <ClInclude Include="Source\Entities\Common2DForwardDcls.h">
      <Filter>Header Files</Filter>
    </ClInclude>
    <ClInclude Include="Source\Entities\Common2DIncludes.h">
      <Filter>Header Files</Filter>
    </ClInclude>
    <ClInclude Include="Source\Entities\Entity2D.h">
      <Filter>Header Files</Filter>
    </ClInclude>
    <ClInclude Include="Source\Entities\Layer2D.h">
      <Filter>Header Files</Filter>
    </ClInclude>
    <ClInclude Include="Source\Entities\Transform2D.h">
      <Filter>Header Files</Filter>
    </ClInclude>
    <ClInclude Include="Source\Graphics\Rendering\Renderer2D.h">
      <Filter>Header Files</Filter>
    </ClInclude>
    <ClInclude Include="Source\Graphics\Rendering\Vertex2DTypes.h">
      <Filter>Header Files</Filter>
    </ClInclude>
    <ClInclude Include="Source\Graphics\Shaders\Shader.h">
      <Filter>Header Files</Filter>
    </ClInclude>
    <ClInclude Include="Source\Graphics\Shaders\ShaderFactory.h">
      <Filter>Header Files</Filter>
    </ClInclude>
    <ClInclude Include="Source\Graphics\Shaders\ShaderBasic2D.h">
      <Filter>Header Files</Filter>
    </ClInclude>
    <ClInclude Include="Source\Graphics\Shaders\ShaderBasic3D.h">
      <Filter>Header Files</Filter>
    </ClInclude>
    <ClInclude Include="Source\Utils\ThreadUtils.h">
      <Filter>Header Files</Filter>
    </ClInclude>
    <ClInclude Include="Source\Entities\Group2D.h">
      <Filter>Header Files</Filter>
    </ClInclude>
    <ClInclude Include="Source\Entities\Camera2D.h">
      <Filter>Header Files</Filter>
    </ClInclude>
    <ClInclude Include="Source\Entities\Rect2D.h">
      <Filter>Header Files</Filter>
    </ClInclude>
    <ClInclude Include="Source\Graphics\Rendering\VertexBuffer.h">
      <Filter>Header Files</Filter>
    </ClInclude>
    <ClInclude Include="Source\Graphics\Rendering\IndexBuffer.h">
      <Filter>Header Files</Filter>
    </ClInclude>
    <ClInclude Include="Source\Utils\Random.h">
      <Filter>Header Files</Filter>
    </ClInclude>
  </ItemGroup>
  <ItemGroup>
    <None Include="Resources\Shaders\basic3D.frag" />
    <None Include="Resources\Shaders\basic3D.vert" />
    <None Include="Resources\Shaders\basic2D.frag" />
    <None Include="Resources\Shaders\basic2D.vert" />
  </ItemGroup>
</Project>